{
  "name": "tree2folder",
  "version": "1.0.0",
  "lockfileVersion": 3,
  "requires": true,
  "packages": {
    "": {
      "name": "tree2folder",
      "version": "1.0.0",
      "license": "MIT",
      "bin": {
        "tree2folder": "bin/tree2folder.js"
      },
      "engines": {
        "node": ">=14"
      }
    }
  }
}
